// !$*UTF8*$!
{
	archiveVersion = 1;
	classes = {
	};
	objectVersion = 50;
	objects = {

/* Begin PBXBuildFile section */
		120E9A9624E27E1700729893 /* WebKit.framework in Frameworks */ = {isa = PBXBuildFile; fileRef = 120E9A9524E27E1700729893 /* WebKit.framework */; };
		12B175FE24E2422500DA257E /* AppDelegate.swift in Sources */ = {isa = PBXBuildFile; fileRef = 12B175FD24E2422500DA257E /* AppDelegate.swift */; };
		12B1760024E2422500DA257E /* SceneDelegate.swift in Sources */ = {isa = PBXBuildFile; fileRef = 12B175FF24E2422500DA257E /* SceneDelegate.swift */; };
		12B1760224E2422500DA257E /* ViewController.swift in Sources */ = {isa = PBXBuildFile; fileRef = 12B1760124E2422500DA257E /* ViewController.swift */; };
		12B1760524E2422500DA257E /* Main.storyboard in Resources */ = {isa = PBXBuildFile; fileRef = 12B1760324E2422500DA257E /* Main.storyboard */; };
		12B1760724E2422700DA257E /* Assets.xcassets in Resources */ = {isa = PBXBuildFile; fileRef = 12B1760624E2422700DA257E /* Assets.xcassets */; };
		12B1760A24E2422700DA257E /* LaunchScreen.storyboard in Resources */ = {isa = PBXBuildFile; fileRef = 12B1760824E2422700DA257E /* LaunchScreen.storyboard */; };
/* End PBXBuildFile section */

/* Begin PBXFileReference section */
		120E9A9524E27E1700729893 /* WebKit.framework */ = {isa = PBXFileReference; lastKnownFileType = wrapper.framework; name = WebKit.framework; path = System/Library/Frameworks/WebKit.framework; sourceTree = SDKROOT; };
		12B175FA24E2422500DA257E /* cross_platform.app */ = {isa = PBXFileReference; explicitFileType = wrapper.application; includeInIndex = 0; path = cross_platform.app; sourceTree = BUILT_PRODUCTS_DIR; };
		12B175FD24E2422500DA257E /* AppDelegate.swift */ = {isa = PBXFileReference; lastKnownFileType = sourcecode.swift; path = AppDelegate.swift; sourceTree = "<group>"; };
		12B175FF24E2422500DA257E /* SceneDelegate.swift */ = {isa = PBXFileReference; lastKnownFileType = sourcecode.swift; path = SceneDelegate.swift; sourceTree = "<group>"; };
		12B1760124E2422500DA257E /* ViewController.swift */ = {isa = PBXFileReference; lastKnownFileType = sourcecode.swift; path = ViewController.swift; sourceTree = "<group>"; };
		12B1760424E2422500DA257E /* Base */ = {isa = PBXFileReference; lastKnownFileType = file.storyboard; name = Base; path = Base.lproj/Main.storyboard; sourceTree = "<group>"; };
		12B1760624E2422700DA257E /* Assets.xcassets */ = {isa = PBXFileReference; lastKnownFileType = folder.assetcatalog; path = Assets.xcassets; sourceTree = "<group>"; };
		12B1760924E2422700DA257E /* Base */ = {isa = PBXFileReference; lastKnownFileType = file.storyboard; name = Base; path = Base.lproj/LaunchScreen.storyboard; sourceTree = "<group>"; };
		12B1760B24E2422700DA257E /* Info.plist */ = {isa = PBXFileReference; lastKnownFileType = text.plist.xml; path = Info.plist; sourceTree = "<group>"; };
/* End PBXFileReference section */

/* Begin PBXFrameworksBuildPhase section */
		12B175F724E2422500DA257E /* Frameworks */ = {
			isa = PBXFrameworksBuildPhase;
			buildActionMask = 2147483647;
			files = (
				120E9A9624E27E1700729893 /* WebKit.framework in Frameworks */,
			);
			runOnlyForDeploymentPostprocessing = 0;
		};
/* End PBXFrameworksBuildPhase section */

/* Begin PBXGroup section */
		120E9A9424E27E1700729893 /* Frameworks */ = {
			isa = PBXGroup;
			children = (
				120E9A9524E27E1700729893 /* WebKit.framework */,
			);
			name = Frameworks;
			sourceTree = "<group>";
		};
		12B175F124E2422500DA257E = {
			isa = PBXGroup;
			children = (
				12B175FC24E2422500DA257E /* cross_platform */,
				12B175FB24E2422500DA257E /* Products */,
				120E9A9424E27E1700729893 /* Frameworks */,
			);
			sourceTree = "<group>";
		};
		12B175FB24E2422500DA257E /* Products */ = {
			isa = PBXGroup;
			children = (
				12B175FA24E2422500DA257E /* cross_platform.app */,
			);
			name = Products;
			sourceTree = "<group>";
		};
		12B175FC24E2422500DA257E /* cross_platform */ = {
			isa = PBXGroup;
			children = (
				12B175FD24E2422500DA257E /* AppDelegate.swift */,
				12B175FF24E2422500DA257E /* SceneDelegate.swift */,
				12B1760124E2422500DA257E /* ViewController.swift */,
				12B1760324E2422500DA257E /* Main.storyboard */,
				12B1760624E2422700DA257E /* Assets.xcassets */,
				12B1760824E2422700DA257E /* LaunchScreen.storyboard */,
				12B1760B24E2422700DA257E /* Info.plist */,
			);
			path = cross_platform;
			sourceTree = "<group>";
		};
/* End PBXGroup section */

/* Begin PBXNativeTarget section */
		12B175F924E2422500DA257E /* cross_platform */ = {
			isa = PBXNativeTarget;
			buildConfigurationList = 12B1760E24E2422700DA257E /* Build configuration list for PBXNativeTarget "cross_platform" */;
			buildPhases = (
				12B175F624E2422500DA257E /* Sources */,
				12B175F724E2422500DA257E /* Frameworks */,
				12B175F824E2422500DA257E /* Resources */,
			);
			buildRules = (
			);
			dependencies = (
			);
			name = cross_platform;
			productName = cross_platform;
			productReference = 12B175FA24E2422500DA257E /* cross_platform.app */;
			productType = "com.apple.product-type.application";
		};
/* End PBXNativeTarget section */

/* Begin PBXProject section */
		12B175F224E2422500DA257E /* Project object */ = {
			isa = PBXProject;
			attributes = {
				LastSwiftUpdateCheck = 1160;
				LastUpgradeCheck = 1160;
				ORGANIZATIONNAME = Trixie;
				TargetAttributes = {
					12B175F924E2422500DA257E = {
						CreatedOnToolsVersion = 11.6;
					};
				};
			};
			buildConfigurationList = 12B175F524E2422500DA257E /* Build configuration list for PBXProject "cross_platform" */;
			compatibilityVersion = "Xcode 9.3";
			developmentRegion = en;
			hasScannedForEncodings = 0;
			knownRegions = (
				en,
				Base,
			);
			mainGroup = 12B175F124E2422500DA257E;
			productRefGroup = 12B175FB24E2422500DA257E /* Products */;
			projectDirPath = "";
			projectRoot = "";
			targets = (
				12B175F924E2422500DA257E /* cross_platform */,
			);
		};
/* End PBXProject section */

/* Begin PBXResourcesBuildPhase section */
		12B175F824E2422500DA257E /* Resources */ = {
			isa = PBXResourcesBuildPhase;
			buildActionMask = 2147483647;
			files = (
				12B1760A24E2422700DA257E /* LaunchScreen.storyboard in Resources */,
				12B1760724E2422700DA257E /* Assets.xcassets in Resources */,
				12B1760524E2422500DA257E /* Main.storyboard in Resources */,
			);
			runOnlyForDeploymentPostprocessing = 0;
		};
/* End PBXResourcesBuildPhase section */

/* Begin PBXSourcesBuildPhase section */
		12B175F624E2422500DA257E /* Sources */ = {
			isa = PBXSourcesBuildPhase;
			buildActionMask = 2147483647;
			files = (
				12B1760224E2422500DA257E /* ViewController.swift in Sources */,
				12B175FE24E2422500DA257E /* AppDelegate.swift in Sources */,
				12B1760024E2422500DA257E /* SceneDelegate.swift in Sources */,
			);
			runOnlyForDeploymentPostprocessing = 0;
		};
/* End PBXSourcesBuildPhase section */

/* Begin PBXVariantGroup section */
		12B1760324E2422500DA257E /* Main.storyboard */ = {
			isa = PBXVariantGroup;
			children = (
				12B1760424E2422500DA257E /* Base */,
			);
			name = Main.storyboard;
			sourceTree = "<group>";
		};
		12B1760824E2422700DA257E /* LaunchScreen.storyboard */ = {
			isa = PBXVariantGroup;
			children = (
				12B1760924E2422700DA257E /* Base */,
			);
			name = LaunchScreen.storyboard;
			sourceTree = "<group>";
		};
/* End PBXVariantGroup section */

/* Begin XCBuildConfiguration section */
		12B1760C24E2422700DA257E /* Debug */ = {
			isa = XCBuildConfiguration;
			buildSettings = {
				ALWAYS_SEARCH_USER_PATHS = NO;
				CLANG_ANALYZER_NONNULL = YES;
				CLANG_ANALYZER_NUMBER_OBJECT_CONVERSION = YES_AGGRESSIVE;
				CLANG_CXX_LANGUAGE_STANDARD = "gnu++14";
				CLANG_CXX_LIBRARY = "libc++";
				CLANG_ENABLE_MODULES = YES;
				CLANG_ENABLE_OBJC_ARC = YES;
				CLANG_ENABLE_OBJC_WEAK = YES;
				CLANG_WARN_BLOCK_CAPTURE_AUTORELEASING = YES;
				CLANG_WARN_BOOL_CONVERSION = YES;
				CLANG_WARN_COMMA = YES;
				CLANG_WARN_CONSTANT_CONVERSION = YES;
				CLANG_WARN_DEPRECATED_OBJC_IMPLEMENTATIONS = YES;
				CLANG_WARN_DIRECT_OBJC_ISA_USAGE = YES_ERROR;
				CLANG_WARN_DOCUMENTATION_COMMENTS = YES;
				CLANG_WARN_EMPTY_BODY = YES;
				CLANG_WARN_ENUM_CONVERSION = YES;
				CLANG_WARN_INFINITE_RECURSION = YES;
				CLANG_WARN_INT_CONVERSION = YES;
				CLANG_WARN_NON_LITERAL_NULL_CONVERSION = YES;
				CLANG_WARN_OBJC_IMPLICIT_RETAIN_SELF = YES;
				CLANG_WARN_OBJC_LITERAL_CONVERSION = YES;
				CLANG_WARN_OBJC_ROOT_CLASS = YES_ERROR;
				CLANG_WARN_RANGE_LOOP_ANALYSIS = YES;
				CLANG_WARN_STRICT_PROTOTYPES = YES;
				CLANG_WARN_SUSPICIOUS_MOVE = YES;
				CLANG_WARN_UNGUARDED_AVAILABILITY = YES_AGGRESSIVE;
				CLANG_WARN_UNREACHABLE_CODE = YES;
				CLANG_WARN__DUPLICATE_METHOD_MATCH = YES;
				COPY_PHASE_STRIP = NO;
				DEBUG_INFORMATION_FORMAT = dwarf;
				ENABLE_STRICT_OBJC_MSGSEND = YES;
				ENABLE_TESTABILITY = YES;
				GCC_C_LANGUAGE_STANDARD = gnu11;
				GCC_DYNAMIC_NO_PIC = NO;
				GCC_NO_COMMON_BLOCKS = YES;
				GCC_OPTIMIZATION_LEVEL = 0;
				GCC_PREPROCESSOR_DEFINITIONS = (
					"DEBUG=1",
					"$(inherited)",
				);
				GCC_WARN_64_TO_32_BIT_CONVERSION = YES;
				GCC_WARN_ABOUT_RETURN_TYPE = YES_ERROR;
				GCC_WARN_UNDECLARED_SELECTOR = YES;
				GCC_WARN_UNINITIALIZED_AUTOS = YES_AGGRESSIVE;
				GCC_WARN_UNUSED_FUNCTION = YES;
				GCC_WARN_UNUSED_VARIABLE = YES;
				IPHONEOS_DEPLOYMENT_TARGET = 13.6;
				MTL_ENABLE_DEBUG_INFO = INCLUDE_SOURCE;
				MTL_FAST_MATH = YES;
				ONLY_ACTIVE_ARCH = YES;
				SDKROOT = iphoneos;
				SWIFT_ACTIVE_COMPILATION_CONDITIONS = DEBUG;
				SWIFT_OPTIMIZATION_LEVEL = "-Onone";
			};
			name = Debug;
		};
		12B1760D24E2422700DA257E /* Release */ = {
			isa = XCBuildConfiguration;
			buildSettings = {
				ALWAYS_SEARCH_USER_PATHS = NO;
				CLANG_ANALYZER_NONNULL = YES;
				CLANG_ANALYZER_NUMBER_OBJECT_CONVERSION = YES_AGGRESSIVE;
				CLANG_CXX_LANGUAGE_STANDARD = "gnu++14";
				CLANG_CXX_LIBRARY = "libc++";
				CLANG_ENABLE_MODULES = YES;
				CLANG_ENABLE_OBJC_ARC = YES;
				CLANG_ENABLE_OBJC_WEAK = YES;
				CLANG_WARN_BLOCK_CAPTURE_AUTORELEASING = YES;
				CLANG_WARN_BOOL_CONVERSION = YES;
				CLANG_WARN_COMMA = YES;
				CLANG_WARN_CONSTANT_CONVERSION = YES;
				CLANG_WARN_DEPRECATED_OBJC_IMPLEMENTATIONS = YES;
				CLANG_WARN_DIRECT_OBJC_ISA_USAGE = YES_ERROR;
				CLANG_WARN_DOCUMENTATION_COMMENTS = YES;
				CLANG_WARN_EMPTY_BODY = YES;
				CLANG_WARN_ENUM_CONVERSION = YES;
				CLANG_WARN_INFINITE_RECURSION = YES;
				CLANG_WARN_INT_CONVERSION = YES;
				CLANG_WARN_NON_LITERAL_NULL_CONVERSION = YES;
				CLANG_WARN_OBJC_IMPLICIT_RETAIN_SELF = YES;
				CLANG_WARN_OBJC_LITERAL_CONVERSION = YES;
				CLANG_WARN_OBJC_ROOT_CLASS = YES_ERROR;
				CLANG_WARN_RANGE_LOOP_ANALYSIS = YES;
				CLANG_WARN_STRICT_PROTOTYPES = YES;
				CLANG_WARN_SUSPICIOUS_MOVE = YES;
				CLANG_WARN_UNGUARDED_AVAILABILITY = YES_AGGRESSIVE;
				CLANG_WARN_UNREACHABLE_CODE = YES;
				CLANG_WARN__DUPLICATE_METHOD_MATCH = YES;
				COPY_PHASE_STRIP = NO;
				DEBUG_INFORMATION_FORMAT = "dwarf-with-dsym";
				ENABLE_NS_ASSERTIONS = NO;
				ENABLE_STRICT_OBJC_MSGSEND = YES;
				GCC_C_LANGUAGE_STANDARD = gnu11;
				GCC_NO_COMMON_BLOCKS = YES;
				GCC_WARN_64_TO_32_BIT_CONVERSION = YES;
				GCC_WARN_ABOUT_RETURN_TYPE = YES_ERROR;
				GCC_WARN_UNDECLARED_SELECTOR = YES;
				GCC_WARN_UNINITIALIZED_AUTOS = YES_AGGRESSIVE;
				GCC_WARN_UNUSED_FUNCTION = YES;
				GCC_WARN_UNUSED_VARIABLE = YES;
				IPHONEOS_DEPLOYMENT_TARGET = 13.6;
				MTL_ENABLE_DEBUG_INFO = NO;
				MTL_FAST_MATH = YES;
				SDKROOT = iphoneos;
				SWIFT_COMPILATION_MODE = wholemodule;
				SWIFT_OPTIMIZATION_LEVEL = "-O";
				VALIDATE_PRODUCT = YES;
			};
			name = Release;
		};
		12B1760F24E2422700DA257E /* Debug */ = {
			isa = XCBuildConfiguration;
			buildSettings = {
				ASSETCATALOG_COMPILER_APPICON_NAME = AppIcon;
				CODE_SIGN_STYLE = Automatic;
				INFOPLIST_FILE = cross_platform/Info.plist;
				LD_RUNPATH_SEARCH_PATHS = (
					"$(inherited)",
					"@executable_path/Frameworks",
				);
				PRODUCT_BUNDLE_IDENTIFIER = "com.lulamoon.cross-platform";
				PRODUCT_NAME = "$(TARGET_NAME)";
				SWIFT_VERSION = 5.0;
				TARGETED_DEVICE_FAMILY = "1,2";
			};
			name = Debug;
		};
		12B1761024E2422700DA257E /* Release */ = {
			isa = XCBuildConfiguration;
			buildSettings = {
				ASSETCATALOG_COMPILER_APPICON_NAME = AppIcon;
				CODE_SIGN_STYLE = Automatic;
				INFOPLIST_FILE = cross_platform/Info.plist;
				LD_RUNPATH_SEARCH_PATHS = (
					"$(inherited)",
					"@executable_path/Frameworks",
				);
				PRODUCT_BUNDLE_IDENTIFIER = "com.lulamoon.cross-platform";
				PRODUCT_NAME = "$(TARGET_NAME)";
				SWIFT_VERSION = 5.0;
				TARGETED_DEVICE_FAMILY = "1,2";
			};
			name = Release;
		};
/* End XCBuildConfiguration section */

/* Begin XCConfigurationList section */
		12B175F524E2422500DA257E /* Build configuration list for PBXProject "cross_platform" */ = {
			isa = XCConfigurationList;
			buildConfigurations = (
				12B1760C24E2422700DA257E /* Debug */,
				12B1760D24E2422700DA257E /* Release */,
			);
			defaultConfigurationIsVisible = 0;
			defaultConfigurationName = Release;
		};
		12B1760E24E2422700DA257E /* Build configuration list for PBXNativeTarget "cross_platform" */ = {
			isa = XCConfigurationList;
			buildConfigurations = (
				12B1760F24E2422700DA257E /* Debug */,
				12B1761024E2422700DA257E /* Release */,
			);
			defaultConfigurationIsVisible = 0;
			defaultConfigurationName = Release;
		};
/* End XCConfigurationList section */
	};
	rootObject = 12B175F224E2422500DA257E /* Project object */;
}
