// !$*UTF8*$!
{
	archiveVersion = 1;
	classes = {
	};
	objectVersion = 50;
	objects = {

/* Begin PBXBuildFile section */
		122B17AE24B6A60F0075349D /* star.png in Resources */ = {isa = PBXBuildFile; fileRef = 122B17AD24B6A60F0075349D /* star.png */; };
		122B17B024B6B0B30075349D /* MoveableImageView.swift in Sources */ = {isa = PBXBuildFile; fileRef = 122B17AF24B6B0B30075349D /* MoveableImageView.swift */; };
		12ADC258249DFC5A00056DCD /* AppDelegate.swift in Sources */ = {isa = PBXBuildFile; fileRef = 12ADC257249DFC5A00056DCD /* AppDelegate.swift */; };
		12ADC25A249DFC5A00056DCD /* SceneDelegate.swift in Sources */ = {isa = PBXBuildFile; fileRef = 12ADC259249DFC5A00056DCD /* SceneDelegate.swift */; };
		12ADC25C249DFC5A00056DCD /* ViewController.swift in Sources */ = {isa = PBXBuildFile; fileRef = 12ADC25B249DFC5A00056DCD /* ViewController.swift */; };
		12ADC25F249DFC5A00056DCD /* Main.storyboard in Resources */ = {isa = PBXBuildFile; fileRef = 12ADC25D249DFC5A00056DCD /* Main.storyboard */; };
		12ADC261249DFC5C00056DCD /* Assets.xcassets in Resources */ = {isa = PBXBuildFile; fileRef = 12ADC260249DFC5C00056DCD /* Assets.xcassets */; };
		12ADC264249DFC5C00056DCD /* LaunchScreen.storyboard in Resources */ = {isa = PBXBuildFile; fileRef = 12ADC262249DFC5C00056DCD /* LaunchScreen.storyboard */; };
		12ADC26C249DFC9300056DCD /* shore.jpg in Resources */ = {isa = PBXBuildFile; fileRef = 12ADC26B249DFC9300056DCD /* shore.jpg */; };
/* End PBXBuildFile section */

/* Begin PBXFileReference section */
		122B17AD24B6A60F0075349D /* star.png */ = {isa = PBXFileReference; lastKnownFileType = image.png; path = star.png; sourceTree = "<group>"; };
		122B17AF24B6B0B30075349D /* MoveableImageView.swift */ = {isa = PBXFileReference; lastKnownFileType = sourcecode.swift; path = MoveableImageView.swift; sourceTree = "<group>"; };
		12ADC254249DFC5A00056DCD /* MyImageView.app */ = {isa = PBXFileReference; explicitFileType = wrapper.application; includeInIndex = 0; path = MyImageView.app; sourceTree = BUILT_PRODUCTS_DIR; };
		12ADC257249DFC5A00056DCD /* AppDelegate.swift */ = {isa = PBXFileReference; lastKnownFileType = sourcecode.swift; path = AppDelegate.swift; sourceTree = "<group>"; };
		12ADC259249DFC5A00056DCD /* SceneDelegate.swift */ = {isa = PBXFileReference; lastKnownFileType = sourcecode.swift; path = SceneDelegate.swift; sourceTree = "<group>"; };
		12ADC25B249DFC5A00056DCD /* ViewController.swift */ = {isa = PBXFileReference; lastKnownFileType = sourcecode.swift; path = ViewController.swift; sourceTree = "<group>"; };
		12ADC25E249DFC5A00056DCD /* Base */ = {isa = PBXFileReference; lastKnownFileType = file.storyboard; name = Base; path = Base.lproj/Main.storyboard; sourceTree = "<group>"; };
		12ADC260249DFC5C00056DCD /* Assets.xcassets */ = {isa = PBXFileReference; lastKnownFileType = folder.assetcatalog; path = Assets.xcassets; sourceTree = "<group>"; };
		12ADC263249DFC5C00056DCD /* Base */ = {isa = PBXFileReference; lastKnownFileType = file.storyboard; name = Base; path = Base.lproj/LaunchScreen.storyboard; sourceTree = "<group>"; };
		12ADC265249DFC5C00056DCD /* Info.plist */ = {isa = PBXFileReference; lastKnownFileType = text.plist.xml; path = Info.plist; sourceTree = "<group>"; };
		12ADC26B249DFC9300056DCD /* shore.jpg */ = {isa = PBXFileReference; lastKnownFileType = image.jpeg; path = shore.jpg; sourceTree = "<group>"; };
/* End PBXFileReference section */

/* Begin PBXFrameworksBuildPhase section */
		12ADC251249DFC5A00056DCD /* Frameworks */ = {
			isa = PBXFrameworksBuildPhase;
			buildActionMask = 2147483647;
			files = (
			);
			runOnlyForDeploymentPostprocessing = 0;
		};
/* End PBXFrameworksBuildPhase section */

/* Begin PBXGroup section */
		12ADC24B249DFC5A00056DCD = {
			isa = PBXGroup;
			children = (
				12ADC256249DFC5A00056DCD /* MyImageView */,
				12ADC255249DFC5A00056DCD /* Products */,
			);
			sourceTree = "<group>";
		};
		12ADC255249DFC5A00056DCD /* Products */ = {
			isa = PBXGroup;
			children = (
				12ADC254249DFC5A00056DCD /* MyImageView.app */,
			);
			name = Products;
			sourceTree = "<group>";
		};
		12ADC256249DFC5A00056DCD /* MyImageView */ = {
			isa = PBXGroup;
			children = (
				12ADC26B249DFC9300056DCD /* shore.jpg */,
				122B17AD24B6A60F0075349D /* star.png */,
				12ADC257249DFC5A00056DCD /* AppDelegate.swift */,
				12ADC259249DFC5A00056DCD /* SceneDelegate.swift */,
				12ADC25B249DFC5A00056DCD /* ViewController.swift */,
				122B17AF24B6B0B30075349D /* MoveableImageView.swift */,
				12ADC25D249DFC5A00056DCD /* Main.storyboard */,
				12ADC260249DFC5C00056DCD /* Assets.xcassets */,
				12ADC262249DFC5C00056DCD /* LaunchScreen.storyboard */,
				12ADC265249DFC5C00056DCD /* Info.plist */,
			);
			path = MyImageView;
			sourceTree = "<group>";
		};
/* End PBXGroup section */

/* Begin PBXNativeTarget section */
		12ADC253249DFC5A00056DCD /* MyImageView */ = {
			isa = PBXNativeTarget;
			buildConfigurationList = 12ADC268249DFC5C00056DCD /* Build configuration list for PBXNativeTarget "MyImageView" */;
			buildPhases = (
				12ADC250249DFC5A00056DCD /* Sources */,
				12ADC251249DFC5A00056DCD /* Frameworks */,
				12ADC252249DFC5A00056DCD /* Resources */,
			);
			buildRules = (
			);
			dependencies = (
			);
			name = MyImageView;
			productName = MyImageView;
			productReference = 12ADC254249DFC5A00056DCD /* MyImageView.app */;
			productType = "com.apple.product-type.application";
		};
/* End PBXNativeTarget section */

/* Begin PBXProject section */
		12ADC24C249DFC5A00056DCD /* Project object */ = {
			isa = PBXProject;
			attributes = {
				LastSwiftUpdateCheck = 1150;
				LastUpgradeCheck = 1150;
				ORGANIZATIONNAME = "Trixie Lulamoon";
				TargetAttributes = {
					12ADC253249DFC5A00056DCD = {
						CreatedOnToolsVersion = 11.5;
					};
				};
			};
			buildConfigurationList = 12ADC24F249DFC5A00056DCD /* Build configuration list for PBXProject "MyImageView" */;
			compatibilityVersion = "Xcode 9.3";
			developmentRegion = en;
			hasScannedForEncodings = 0;
			knownRegions = (
				en,
				Base,
			);
			mainGroup = 12ADC24B249DFC5A00056DCD;
			productRefGroup = 12ADC255249DFC5A00056DCD /* Products */;
			projectDirPath = "";
			projectRoot = "";
			targets = (
				12ADC253249DFC5A00056DCD /* MyImageView */,
			);
		};
/* End PBXProject section */

/* Begin PBXResourcesBuildPhase section */
		12ADC252249DFC5A00056DCD /* Resources */ = {
			isa = PBXResourcesBuildPhase;
			buildActionMask = 2147483647;
			files = (
				12ADC264249DFC5C00056DCD /* LaunchScreen.storyboard in Resources */,
				122B17AE24B6A60F0075349D /* star.png in Resources */,
				12ADC26C249DFC9300056DCD /* shore.jpg in Resources */,
				12ADC261249DFC5C00056DCD /* Assets.xcassets in Resources */,
				12ADC25F249DFC5A00056DCD /* Main.storyboard in Resources */,
			);
			runOnlyForDeploymentPostprocessing = 0;
		};
/* End PBXResourcesBuildPhase section */

/* Begin PBXSourcesBuildPhase section */
		12ADC250249DFC5A00056DCD /* Sources */ = {
			isa = PBXSourcesBuildPhase;
			buildActionMask = 2147483647;
			files = (
				12ADC25C249DFC5A00056DCD /* ViewController.swift in Sources */,
				12ADC258249DFC5A00056DCD /* AppDelegate.swift in Sources */,
				12ADC25A249DFC5A00056DCD /* SceneDelegate.swift in Sources */,
				122B17B024B6B0B30075349D /* MoveableImageView.swift in Sources */,
			);
			runOnlyForDeploymentPostprocessing = 0;
		};
/* End PBXSourcesBuildPhase section */

/* Begin PBXVariantGroup section */
		12ADC25D249DFC5A00056DCD /* Main.storyboard */ = {
			isa = PBXVariantGroup;
			children = (
				12ADC25E249DFC5A00056DCD /* Base */,
			);
			name = Main.storyboard;
			sourceTree = "<group>";
		};
		12ADC262249DFC5C00056DCD /* LaunchScreen.storyboard */ = {
			isa = PBXVariantGroup;
			children = (
				12ADC263249DFC5C00056DCD /* Base */,
			);
			name = LaunchScreen.storyboard;
			sourceTree = "<group>";
		};
/* End PBXVariantGroup section */

/* Begin XCBuildConfiguration section */
		12ADC266249DFC5C00056DCD /* Debug */ = {
			isa = XCBuildConfiguration;
			buildSettings = {
				ALWAYS_SEARCH_USER_PATHS = NO;
				CLANG_ANALYZER_NONNULL = YES;
				CLANG_ANALYZER_NUMBER_OBJECT_CONVERSION = YES_AGGRESSIVE;
				CLANG_CXX_LANGUAGE_STANDARD = "gnu++14";
				CLANG_CXX_LIBRARY = "libc++";
				CLANG_ENABLE_MODULES = YES;
				CLANG_ENABLE_OBJC_ARC = YES;
				CLANG_ENABLE_OBJC_WEAK = YES;
				CLANG_WARN_BLOCK_CAPTURE_AUTORELEASING = YES;
				CLANG_WARN_BOOL_CONVERSION = YES;
				CLANG_WARN_COMMA = YES;
				CLANG_WARN_CONSTANT_CONVERSION = YES;
				CLANG_WARN_DEPRECATED_OBJC_IMPLEMENTATIONS = YES;
				CLANG_WARN_DIRECT_OBJC_ISA_USAGE = YES_ERROR;
				CLANG_WARN_DOCUMENTATION_COMMENTS = YES;
				CLANG_WARN_EMPTY_BODY = YES;
				CLANG_WARN_ENUM_CONVERSION = YES;
				CLANG_WARN_INFINITE_RECURSION = YES;
				CLANG_WARN_INT_CONVERSION = YES;
				CLANG_WARN_NON_LITERAL_NULL_CONVERSION = YES;
				CLANG_WARN_OBJC_IMPLICIT_RETAIN_SELF = YES;
				CLANG_WARN_OBJC_LITERAL_CONVERSION = YES;
				CLANG_WARN_OBJC_ROOT_CLASS = YES_ERROR;
				CLANG_WARN_RANGE_LOOP_ANALYSIS = YES;
				CLANG_WARN_STRICT_PROTOTYPES = YES;
				CLANG_WARN_SUSPICIOUS_MOVE = YES;
				CLANG_WARN_UNGUARDED_AVAILABILITY = YES_AGGRESSIVE;
				CLANG_WARN_UNREACHABLE_CODE = YES;
				CLANG_WARN__DUPLICATE_METHOD_MATCH = YES;
				COPY_PHASE_STRIP = NO;
				DEBUG_INFORMATION_FORMAT = dwarf;
				ENABLE_STRICT_OBJC_MSGSEND = YES;
				ENABLE_TESTABILITY = YES;
				GCC_C_LANGUAGE_STANDARD = gnu11;
				GCC_DYNAMIC_NO_PIC = NO;
				GCC_NO_COMMON_BLOCKS = YES;
				GCC_OPTIMIZATION_LEVEL = 0;
				GCC_PREPROCESSOR_DEFINITIONS = (
					"DEBUG=1",
					"$(inherited)",
				);
				GCC_WARN_64_TO_32_BIT_CONVERSION = YES;
				GCC_WARN_ABOUT_RETURN_TYPE = YES_ERROR;
				GCC_WARN_UNDECLARED_SELECTOR = YES;
				GCC_WARN_UNINITIALIZED_AUTOS = YES_AGGRESSIVE;
				GCC_WARN_UNUSED_FUNCTION = YES;
				GCC_WARN_UNUSED_VARIABLE = YES;
				IPHONEOS_DEPLOYMENT_TARGET = 13.5;
				MTL_ENABLE_DEBUG_INFO = INCLUDE_SOURCE;
				MTL_FAST_MATH = YES;
				ONLY_ACTIVE_ARCH = YES;
				SDKROOT = iphoneos;
				SWIFT_ACTIVE_COMPILATION_CONDITIONS = DEBUG;
				SWIFT_OPTIMIZATION_LEVEL = "-Onone";
			};
			name = Debug;
		};
		12ADC267249DFC5C00056DCD /* Release */ = {
			isa = XCBuildConfiguration;
			buildSettings = {
				ALWAYS_SEARCH_USER_PATHS = NO;
				CLANG_ANALYZER_NONNULL = YES;
				CLANG_ANALYZER_NUMBER_OBJECT_CONVERSION = YES_AGGRESSIVE;
				CLANG_CXX_LANGUAGE_STANDARD = "gnu++14";
				CLANG_CXX_LIBRARY = "libc++";
				CLANG_ENABLE_MODULES = YES;
				CLANG_ENABLE_OBJC_ARC = YES;
				CLANG_ENABLE_OBJC_WEAK = YES;
				CLANG_WARN_BLOCK_CAPTURE_AUTORELEASING = YES;
				CLANG_WARN_BOOL_CONVERSION = YES;
				CLANG_WARN_COMMA = YES;
				CLANG_WARN_CONSTANT_CONVERSION = YES;
				CLANG_WARN_DEPRECATED_OBJC_IMPLEMENTATIONS = YES;
				CLANG_WARN_DIRECT_OBJC_ISA_USAGE = YES_ERROR;
				CLANG_WARN_DOCUMENTATION_COMMENTS = YES;
				CLANG_WARN_EMPTY_BODY = YES;
				CLANG_WARN_ENUM_CONVERSION = YES;
				CLANG_WARN_INFINITE_RECURSION = YES;
				CLANG_WARN_INT_CONVERSION = YES;
				CLANG_WARN_NON_LITERAL_NULL_CONVERSION = YES;
				CLANG_WARN_OBJC_IMPLICIT_RETAIN_SELF = YES;
				CLANG_WARN_OBJC_LITERAL_CONVERSION = YES;
				CLANG_WARN_OBJC_ROOT_CLASS = YES_ERROR;
				CLANG_WARN_RANGE_LOOP_ANALYSIS = YES;
				CLANG_WARN_STRICT_PROTOTYPES = YES;
				CLANG_WARN_SUSPICIOUS_MOVE = YES;
				CLANG_WARN_UNGUARDED_AVAILABILITY = YES_AGGRESSIVE;
				CLANG_WARN_UNREACHABLE_CODE = YES;
				CLANG_WARN__DUPLICATE_METHOD_MATCH = YES;
				COPY_PHASE_STRIP = NO;
				DEBUG_INFORMATION_FORMAT = "dwarf-with-dsym";
				ENABLE_NS_ASSERTIONS = NO;
				ENABLE_STRICT_OBJC_MSGSEND = YES;
				GCC_C_LANGUAGE_STANDARD = gnu11;
				GCC_NO_COMMON_BLOCKS = YES;
				GCC_WARN_64_TO_32_BIT_CONVERSION = YES;
				GCC_WARN_ABOUT_RETURN_TYPE = YES_ERROR;
				GCC_WARN_UNDECLARED_SELECTOR = YES;
				GCC_WARN_UNINITIALIZED_AUTOS = YES_AGGRESSIVE;
				GCC_WARN_UNUSED_FUNCTION = YES;
				GCC_WARN_UNUSED_VARIABLE = YES;
				IPHONEOS_DEPLOYMENT_TARGET = 13.5;
				MTL_ENABLE_DEBUG_INFO = NO;
				MTL_FAST_MATH = YES;
				SDKROOT = iphoneos;
				SWIFT_COMPILATION_MODE = wholemodule;
				SWIFT_OPTIMIZATION_LEVEL = "-O";
				VALIDATE_PRODUCT = YES;
			};
			name = Release;
		};
		12ADC269249DFC5C00056DCD /* Debug */ = {
			isa = XCBuildConfiguration;
			buildSettings = {
				ASSETCATALOG_COMPILER_APPICON_NAME = AppIcon;
				CODE_SIGN_STYLE = Automatic;
				INFOPLIST_FILE = MyImageView/Info.plist;
				LD_RUNPATH_SEARCH_PATHS = (
					"$(inherited)",
					"@executable_path/Frameworks",
				);
				PRODUCT_BUNDLE_IDENTIFIER = com.shimmer.MyImageView;
				PRODUCT_NAME = "$(TARGET_NAME)";
				SWIFT_VERSION = 5.0;
				TARGETED_DEVICE_FAMILY = "1,2";
			};
			name = Debug;
		};
		12ADC26A249DFC5C00056DCD /* Release */ = {
			isa = XCBuildConfiguration;
			buildSettings = {
				ASSETCATALOG_COMPILER_APPICON_NAME = AppIcon;
				CODE_SIGN_STYLE = Automatic;
				INFOPLIST_FILE = MyImageView/Info.plist;
				LD_RUNPATH_SEARCH_PATHS = (
					"$(inherited)",
					"@executable_path/Frameworks",
				);
				PRODUCT_BUNDLE_IDENTIFIER = com.shimmer.MyImageView;
				PRODUCT_NAME = "$(TARGET_NAME)";
				SWIFT_VERSION = 5.0;
				TARGETED_DEVICE_FAMILY = "1,2";
			};
			name = Release;
		};
/* End XCBuildConfiguration section */

/* Begin XCConfigurationList section */
		12ADC24F249DFC5A00056DCD /* Build configuration list for PBXProject "MyImageView" */ = {
			isa = XCConfigurationList;
			buildConfigurations = (
				12ADC266249DFC5C00056DCD /* Debug */,
				12ADC267249DFC5C00056DCD /* Release */,
			);
			defaultConfigurationIsVisible = 0;
			defaultConfigurationName = Release;
		};
		12ADC268249DFC5C00056DCD /* Build configuration list for PBXNativeTarget "MyImageView" */ = {
			isa = XCConfigurationList;
			buildConfigurations = (
				12ADC269249DFC5C00056DCD /* Debug */,
				12ADC26A249DFC5C00056DCD /* Release */,
			);
			defaultConfigurationIsVisible = 0;
			defaultConfigurationName = Release;
		};
/* End XCConfigurationList section */
	};
	rootObject = 12ADC24C249DFC5A00056DCD /* Project object */;
}
