// !$*UTF8*$!
{
	archiveVersion = 1;
	classes = {
	};
	objectVersion = 50;
	objects = {

/* Begin PBXBuildFile section */
		12CDEEE224DA347000A75AD5 /* AppDelegate.swift in Sources */ = {isa = PBXBuildFile; fileRef = 12CDEEE124DA347000A75AD5 /* AppDelegate.swift */; };
		12CDEEE424DA347000A75AD5 /* SceneDelegate.swift in Sources */ = {isa = PBXBuildFile; fileRef = 12CDEEE324DA347000A75AD5 /* SceneDelegate.swift */; };
		12CDEEE624DA347000A75AD5 /* ViewController.swift in Sources */ = {isa = PBXBuildFile; fileRef = 12CDEEE524DA347000A75AD5 /* ViewController.swift */; };
		12CDEEE924DA347000A75AD5 /* Main.storyboard in Resources */ = {isa = PBXBuildFile; fileRef = 12CDEEE724DA347000A75AD5 /* Main.storyboard */; };
		12CDEEEC24DA347000A75AD5 /* firebase_function.xcdatamodeld in Sources */ = {isa = PBXBuildFile; fileRef = 12CDEEEA24DA347000A75AD5 /* firebase_function.xcdatamodeld */; };
		12CDEEEE24DA347400A75AD5 /* Assets.xcassets in Resources */ = {isa = PBXBuildFile; fileRef = 12CDEEED24DA347400A75AD5 /* Assets.xcassets */; };
		12CDEEF124DA347400A75AD5 /* LaunchScreen.storyboard in Resources */ = {isa = PBXBuildFile; fileRef = 12CDEEEF24DA347400A75AD5 /* LaunchScreen.storyboard */; };
		12CDEEF924DA5ADD00A75AD5 /* GoogleService-Info.plist in Resources */ = {isa = PBXBuildFile; fileRef = 12CDEEF824DA5ADD00A75AD5 /* GoogleService-Info.plist */; };
		85831EC08C700691C4CB3D47 /* Pods_firebase_function.framework in Frameworks */ = {isa = PBXBuildFile; fileRef = 407D59DBA6D7EE8F4744E1BD /* Pods_firebase_function.framework */; };
/* End PBXBuildFile section */

/* Begin PBXFileReference section */
		0E9B31D7513AE20985E34C2E /* Pods-firebase_function.debug.xcconfig */ = {isa = PBXFileReference; includeInIndex = 1; lastKnownFileType = text.xcconfig; name = "Pods-firebase_function.debug.xcconfig"; path = "Target Support Files/Pods-firebase_function/Pods-firebase_function.debug.xcconfig"; sourceTree = "<group>"; };
		12CDEEDE24DA347000A75AD5 /* firebase_function.app */ = {isa = PBXFileReference; explicitFileType = wrapper.application; includeInIndex = 0; path = firebase_function.app; sourceTree = BUILT_PRODUCTS_DIR; };
		12CDEEE124DA347000A75AD5 /* AppDelegate.swift */ = {isa = PBXFileReference; lastKnownFileType = sourcecode.swift; path = AppDelegate.swift; sourceTree = "<group>"; };
		12CDEEE324DA347000A75AD5 /* SceneDelegate.swift */ = {isa = PBXFileReference; lastKnownFileType = sourcecode.swift; path = SceneDelegate.swift; sourceTree = "<group>"; };
		12CDEEE524DA347000A75AD5 /* ViewController.swift */ = {isa = PBXFileReference; lastKnownFileType = sourcecode.swift; path = ViewController.swift; sourceTree = "<group>"; };
		12CDEEE824DA347000A75AD5 /* Base */ = {isa = PBXFileReference; lastKnownFileType = file.storyboard; name = Base; path = Base.lproj/Main.storyboard; sourceTree = "<group>"; };
		12CDEEEB24DA347000A75AD5 /* firebase_function.xcdatamodel */ = {isa = PBXFileReference; lastKnownFileType = wrapper.xcdatamodel; path = firebase_function.xcdatamodel; sourceTree = "<group>"; };
		12CDEEED24DA347400A75AD5 /* Assets.xcassets */ = {isa = PBXFileReference; lastKnownFileType = folder.assetcatalog; path = Assets.xcassets; sourceTree = "<group>"; };
		12CDEEF024DA347400A75AD5 /* Base */ = {isa = PBXFileReference; lastKnownFileType = file.storyboard; name = Base; path = Base.lproj/LaunchScreen.storyboard; sourceTree = "<group>"; };
		12CDEEF224DA347400A75AD5 /* Info.plist */ = {isa = PBXFileReference; lastKnownFileType = text.plist.xml; path = Info.plist; sourceTree = "<group>"; };
		12CDEEF824DA5ADD00A75AD5 /* GoogleService-Info.plist */ = {isa = PBXFileReference; fileEncoding = 4; lastKnownFileType = text.plist.xml; path = "GoogleService-Info.plist"; sourceTree = "<group>"; };
		407D59DBA6D7EE8F4744E1BD /* Pods_firebase_function.framework */ = {isa = PBXFileReference; explicitFileType = wrapper.framework; includeInIndex = 0; path = Pods_firebase_function.framework; sourceTree = BUILT_PRODUCTS_DIR; };
		9C7CFD153058045A64C9D867 /* Pods-firebase_function.release.xcconfig */ = {isa = PBXFileReference; includeInIndex = 1; lastKnownFileType = text.xcconfig; name = "Pods-firebase_function.release.xcconfig"; path = "Target Support Files/Pods-firebase_function/Pods-firebase_function.release.xcconfig"; sourceTree = "<group>"; };
/* End PBXFileReference section */

/* Begin PBXFrameworksBuildPhase section */
		12CDEEDB24DA347000A75AD5 /* Frameworks */ = {
			isa = PBXFrameworksBuildPhase;
			buildActionMask = 2147483647;
			files = (
				85831EC08C700691C4CB3D47 /* Pods_firebase_function.framework in Frameworks */,
			);
			runOnlyForDeploymentPostprocessing = 0;
		};
/* End PBXFrameworksBuildPhase section */

/* Begin PBXGroup section */
		12CDEED524DA347000A75AD5 = {
			isa = PBXGroup;
			children = (
				12CDEEE024DA347000A75AD5 /* firebase_function */,
				12CDEEDF24DA347000A75AD5 /* Products */,
				DCC39D45147AD88F6BD11C95 /* Pods */,
				EA3BDC1F2FE248414BC7E82F /* Frameworks */,
			);
			sourceTree = "<group>";
		};
		12CDEEDF24DA347000A75AD5 /* Products */ = {
			isa = PBXGroup;
			children = (
				12CDEEDE24DA347000A75AD5 /* firebase_function.app */,
			);
			name = Products;
			sourceTree = "<group>";
		};
		12CDEEE024DA347000A75AD5 /* firebase_function */ = {
			isa = PBXGroup;
			children = (
				12CDEEE124DA347000A75AD5 /* AppDelegate.swift */,
				12CDEEE324DA347000A75AD5 /* SceneDelegate.swift */,
				12CDEEE524DA347000A75AD5 /* ViewController.swift */,
				12CDEEE724DA347000A75AD5 /* Main.storyboard */,
				12CDEEED24DA347400A75AD5 /* Assets.xcassets */,
				12CDEEEF24DA347400A75AD5 /* LaunchScreen.storyboard */,
				12CDEEF224DA347400A75AD5 /* Info.plist */,
				12CDEEF824DA5ADD00A75AD5 /* GoogleService-Info.plist */,
				12CDEEEA24DA347000A75AD5 /* firebase_function.xcdatamodeld */,
			);
			path = firebase_function;
			sourceTree = "<group>";
		};
		DCC39D45147AD88F6BD11C95 /* Pods */ = {
			isa = PBXGroup;
			children = (
				0E9B31D7513AE20985E34C2E /* Pods-firebase_function.debug.xcconfig */,
				9C7CFD153058045A64C9D867 /* Pods-firebase_function.release.xcconfig */,
			);
			name = Pods;
			path = Pods;
			sourceTree = "<group>";
		};
		EA3BDC1F2FE248414BC7E82F /* Frameworks */ = {
			isa = PBXGroup;
			children = (
				407D59DBA6D7EE8F4744E1BD /* Pods_firebase_function.framework */,
			);
			name = Frameworks;
			sourceTree = "<group>";
		};
/* End PBXGroup section */

/* Begin PBXNativeTarget section */
		12CDEEDD24DA347000A75AD5 /* firebase_function */ = {
			isa = PBXNativeTarget;
			buildConfigurationList = 12CDEEF524DA347400A75AD5 /* Build configuration list for PBXNativeTarget "firebase_function" */;
			buildPhases = (
				4587A98F116C9943E61F662D /* [CP] Check Pods Manifest.lock */,
				12CDEEDA24DA347000A75AD5 /* Sources */,
				12CDEEDB24DA347000A75AD5 /* Frameworks */,
				12CDEEDC24DA347000A75AD5 /* Resources */,
				17699655178BB903C4CD3A2A /* [CP] Embed Pods Frameworks */,
			);
			buildRules = (
			);
			dependencies = (
			);
			name = firebase_function;
			productName = firebase_function;
			productReference = 12CDEEDE24DA347000A75AD5 /* firebase_function.app */;
			productType = "com.apple.product-type.application";
		};
/* End PBXNativeTarget section */

/* Begin PBXProject section */
		12CDEED624DA347000A75AD5 /* Project object */ = {
			isa = PBXProject;
			attributes = {
				LastSwiftUpdateCheck = 1160;
				LastUpgradeCheck = 1160;
				ORGANIZATIONNAME = Trixie;
				TargetAttributes = {
					12CDEEDD24DA347000A75AD5 = {
						CreatedOnToolsVersion = 11.6;
					};
				};
			};
			buildConfigurationList = 12CDEED924DA347000A75AD5 /* Build configuration list for PBXProject "firebase_function" */;
			compatibilityVersion = "Xcode 9.3";
			developmentRegion = en;
			hasScannedForEncodings = 0;
			knownRegions = (
				en,
				Base,
			);
			mainGroup = 12CDEED524DA347000A75AD5;
			productRefGroup = 12CDEEDF24DA347000A75AD5 /* Products */;
			projectDirPath = "";
			projectRoot = "";
			targets = (
				12CDEEDD24DA347000A75AD5 /* firebase_function */,
			);
		};
/* End PBXProject section */

/* Begin PBXResourcesBuildPhase section */
		12CDEEDC24DA347000A75AD5 /* Resources */ = {
			isa = PBXResourcesBuildPhase;
			buildActionMask = 2147483647;
			files = (
				12CDEEF124DA347400A75AD5 /* LaunchScreen.storyboard in Resources */,
				12CDEEF924DA5ADD00A75AD5 /* GoogleService-Info.plist in Resources */,
				12CDEEEE24DA347400A75AD5 /* Assets.xcassets in Resources */,
				12CDEEE924DA347000A75AD5 /* Main.storyboard in Resources */,
			);
			runOnlyForDeploymentPostprocessing = 0;
		};
/* End PBXResourcesBuildPhase section */

/* Begin PBXShellScriptBuildPhase section */
		17699655178BB903C4CD3A2A /* [CP] Embed Pods Frameworks */ = {
			isa = PBXShellScriptBuildPhase;
			buildActionMask = 2147483647;
			files = (
			);
			inputFileListPaths = (
				"${PODS_ROOT}/Target Support Files/Pods-firebase_function/Pods-firebase_function-frameworks-${CONFIGURATION}-input-files.xcfilelist",
			);
			name = "[CP] Embed Pods Frameworks";
			outputFileListPaths = (
				"${PODS_ROOT}/Target Support Files/Pods-firebase_function/Pods-firebase_function-frameworks-${CONFIGURATION}-output-files.xcfilelist",
			);
			runOnlyForDeploymentPostprocessing = 0;
			shellPath = /bin/sh;
			shellScript = "\"${PODS_ROOT}/Target Support Files/Pods-firebase_function/Pods-firebase_function-frameworks.sh\"\n";
			showEnvVarsInLog = 0;
		};
		4587A98F116C9943E61F662D /* [CP] Check Pods Manifest.lock */ = {
			isa = PBXShellScriptBuildPhase;
			buildActionMask = 2147483647;
			files = (
			);
			inputFileListPaths = (
			);
			inputPaths = (
				"${PODS_PODFILE_DIR_PATH}/Podfile.lock",
				"${PODS_ROOT}/Manifest.lock",
			);
			name = "[CP] Check Pods Manifest.lock";
			outputFileListPaths = (
			);
			outputPaths = (
				"$(DERIVED_FILE_DIR)/Pods-firebase_function-checkManifestLockResult.txt",
			);
			runOnlyForDeploymentPostprocessing = 0;
			shellPath = /bin/sh;
			shellScript = "diff \"${PODS_PODFILE_DIR_PATH}/Podfile.lock\" \"${PODS_ROOT}/Manifest.lock\" > /dev/null\nif [ $? != 0 ] ; then\n    # print error to STDERR\n    echo \"error: The sandbox is not in sync with the Podfile.lock. Run 'pod install' or update your CocoaPods installation.\" >&2\n    exit 1\nfi\n# This output is used by Xcode 'outputs' to avoid re-running this script phase.\necho \"SUCCESS\" > \"${SCRIPT_OUTPUT_FILE_0}\"\n";
			showEnvVarsInLog = 0;
		};
/* End PBXShellScriptBuildPhase section */

/* Begin PBXSourcesBuildPhase section */
		12CDEEDA24DA347000A75AD5 /* Sources */ = {
			isa = PBXSourcesBuildPhase;
			buildActionMask = 2147483647;
			files = (
				12CDEEEC24DA347000A75AD5 /* firebase_function.xcdatamodeld in Sources */,
				12CDEEE624DA347000A75AD5 /* ViewController.swift in Sources */,
				12CDEEE224DA347000A75AD5 /* AppDelegate.swift in Sources */,
				12CDEEE424DA347000A75AD5 /* SceneDelegate.swift in Sources */,
			);
			runOnlyForDeploymentPostprocessing = 0;
		};
/* End PBXSourcesBuildPhase section */

/* Begin PBXVariantGroup section */
		12CDEEE724DA347000A75AD5 /* Main.storyboard */ = {
			isa = PBXVariantGroup;
			children = (
				12CDEEE824DA347000A75AD5 /* Base */,
			);
			name = Main.storyboard;
			sourceTree = "<group>";
		};
		12CDEEEF24DA347400A75AD5 /* LaunchScreen.storyboard */ = {
			isa = PBXVariantGroup;
			children = (
				12CDEEF024DA347400A75AD5 /* Base */,
			);
			name = LaunchScreen.storyboard;
			sourceTree = "<group>";
		};
/* End PBXVariantGroup section */

/* Begin XCBuildConfiguration section */
		12CDEEF324DA347400A75AD5 /* Debug */ = {
			isa = XCBuildConfiguration;
			buildSettings = {
				ALWAYS_SEARCH_USER_PATHS = NO;
				CLANG_ANALYZER_NONNULL = YES;
				CLANG_ANALYZER_NUMBER_OBJECT_CONVERSION = YES_AGGRESSIVE;
				CLANG_CXX_LANGUAGE_STANDARD = "gnu++14";
				CLANG_CXX_LIBRARY = "libc++";
				CLANG_ENABLE_MODULES = YES;
				CLANG_ENABLE_OBJC_ARC = YES;
				CLANG_ENABLE_OBJC_WEAK = YES;
				CLANG_WARN_BLOCK_CAPTURE_AUTORELEASING = YES;
				CLANG_WARN_BOOL_CONVERSION = YES;
				CLANG_WARN_COMMA = YES;
				CLANG_WARN_CONSTANT_CONVERSION = YES;
				CLANG_WARN_DEPRECATED_OBJC_IMPLEMENTATIONS = YES;
				CLANG_WARN_DIRECT_OBJC_ISA_USAGE = YES_ERROR;
				CLANG_WARN_DOCUMENTATION_COMMENTS = YES;
				CLANG_WARN_EMPTY_BODY = YES;
				CLANG_WARN_ENUM_CONVERSION = YES;
				CLANG_WARN_INFINITE_RECURSION = YES;
				CLANG_WARN_INT_CONVERSION = YES;
				CLANG_WARN_NON_LITERAL_NULL_CONVERSION = YES;
				CLANG_WARN_OBJC_IMPLICIT_RETAIN_SELF = YES;
				CLANG_WARN_OBJC_LITERAL_CONVERSION = YES;
				CLANG_WARN_OBJC_ROOT_CLASS = YES_ERROR;
				CLANG_WARN_RANGE_LOOP_ANALYSIS = YES;
				CLANG_WARN_STRICT_PROTOTYPES = YES;
				CLANG_WARN_SUSPICIOUS_MOVE = YES;
				CLANG_WARN_UNGUARDED_AVAILABILITY = YES_AGGRESSIVE;
				CLANG_WARN_UNREACHABLE_CODE = YES;
				CLANG_WARN__DUPLICATE_METHOD_MATCH = YES;
				COPY_PHASE_STRIP = NO;
				DEBUG_INFORMATION_FORMAT = dwarf;
				ENABLE_STRICT_OBJC_MSGSEND = YES;
				ENABLE_TESTABILITY = YES;
				GCC_C_LANGUAGE_STANDARD = gnu11;
				GCC_DYNAMIC_NO_PIC = NO;
				GCC_NO_COMMON_BLOCKS = YES;
				GCC_OPTIMIZATION_LEVEL = 0;
				GCC_PREPROCESSOR_DEFINITIONS = (
					"DEBUG=1",
					"$(inherited)",
				);
				GCC_WARN_64_TO_32_BIT_CONVERSION = YES;
				GCC_WARN_ABOUT_RETURN_TYPE = YES_ERROR;
				GCC_WARN_UNDECLARED_SELECTOR = YES;
				GCC_WARN_UNINITIALIZED_AUTOS = YES_AGGRESSIVE;
				GCC_WARN_UNUSED_FUNCTION = YES;
				GCC_WARN_UNUSED_VARIABLE = YES;
				IPHONEOS_DEPLOYMENT_TARGET = 13.6;
				MTL_ENABLE_DEBUG_INFO = INCLUDE_SOURCE;
				MTL_FAST_MATH = YES;
				ONLY_ACTIVE_ARCH = YES;
				SDKROOT = iphoneos;
				SWIFT_ACTIVE_COMPILATION_CONDITIONS = DEBUG;
				SWIFT_OPTIMIZATION_LEVEL = "-Onone";
			};
			name = Debug;
		};
		12CDEEF424DA347400A75AD5 /* Release */ = {
			isa = XCBuildConfiguration;
			buildSettings = {
				ALWAYS_SEARCH_USER_PATHS = NO;
				CLANG_ANALYZER_NONNULL = YES;
				CLANG_ANALYZER_NUMBER_OBJECT_CONVERSION = YES_AGGRESSIVE;
				CLANG_CXX_LANGUAGE_STANDARD = "gnu++14";
				CLANG_CXX_LIBRARY = "libc++";
				CLANG_ENABLE_MODULES = YES;
				CLANG_ENABLE_OBJC_ARC = YES;
				CLANG_ENABLE_OBJC_WEAK = YES;
				CLANG_WARN_BLOCK_CAPTURE_AUTORELEASING = YES;
				CLANG_WARN_BOOL_CONVERSION = YES;
				CLANG_WARN_COMMA = YES;
				CLANG_WARN_CONSTANT_CONVERSION = YES;
				CLANG_WARN_DEPRECATED_OBJC_IMPLEMENTATIONS = YES;
				CLANG_WARN_DIRECT_OBJC_ISA_USAGE = YES_ERROR;
				CLANG_WARN_DOCUMENTATION_COMMENTS = YES;
				CLANG_WARN_EMPTY_BODY = YES;
				CLANG_WARN_ENUM_CONVERSION = YES;
				CLANG_WARN_INFINITE_RECURSION = YES;
				CLANG_WARN_INT_CONVERSION = YES;
				CLANG_WARN_NON_LITERAL_NULL_CONVERSION = YES;
				CLANG_WARN_OBJC_IMPLICIT_RETAIN_SELF = YES;
				CLANG_WARN_OBJC_LITERAL_CONVERSION = YES;
				CLANG_WARN_OBJC_ROOT_CLASS = YES_ERROR;
				CLANG_WARN_RANGE_LOOP_ANALYSIS = YES;
				CLANG_WARN_STRICT_PROTOTYPES = YES;
				CLANG_WARN_SUSPICIOUS_MOVE = YES;
				CLANG_WARN_UNGUARDED_AVAILABILITY = YES_AGGRESSIVE;
				CLANG_WARN_UNREACHABLE_CODE = YES;
				CLANG_WARN__DUPLICATE_METHOD_MATCH = YES;
				COPY_PHASE_STRIP = NO;
				DEBUG_INFORMATION_FORMAT = "dwarf-with-dsym";
				ENABLE_NS_ASSERTIONS = NO;
				ENABLE_STRICT_OBJC_MSGSEND = YES;
				GCC_C_LANGUAGE_STANDARD = gnu11;
				GCC_NO_COMMON_BLOCKS = YES;
				GCC_WARN_64_TO_32_BIT_CONVERSION = YES;
				GCC_WARN_ABOUT_RETURN_TYPE = YES_ERROR;
				GCC_WARN_UNDECLARED_SELECTOR = YES;
				GCC_WARN_UNINITIALIZED_AUTOS = YES_AGGRESSIVE;
				GCC_WARN_UNUSED_FUNCTION = YES;
				GCC_WARN_UNUSED_VARIABLE = YES;
				IPHONEOS_DEPLOYMENT_TARGET = 13.6;
				MTL_ENABLE_DEBUG_INFO = NO;
				MTL_FAST_MATH = YES;
				SDKROOT = iphoneos;
				SWIFT_COMPILATION_MODE = wholemodule;
				SWIFT_OPTIMIZATION_LEVEL = "-O";
				VALIDATE_PRODUCT = YES;
			};
			name = Release;
		};
		12CDEEF624DA347400A75AD5 /* Debug */ = {
			isa = XCBuildConfiguration;
			baseConfigurationReference = 0E9B31D7513AE20985E34C2E /* Pods-firebase_function.debug.xcconfig */;
			buildSettings = {
				ASSETCATALOG_COMPILER_APPICON_NAME = AppIcon;
				CODE_SIGN_STYLE = Automatic;
				INFOPLIST_FILE = firebase_function/Info.plist;
				LD_RUNPATH_SEARCH_PATHS = (
					"$(inherited)",
					"@executable_path/Frameworks",
				);
				PRODUCT_BUNDLE_IDENTIFIER = "com.lulamoon.firebase-function";
				PRODUCT_NAME = "$(TARGET_NAME)";
				SWIFT_VERSION = 5.0;
				TARGETED_DEVICE_FAMILY = "1,2";
			};
			name = Debug;
		};
		12CDEEF724DA347400A75AD5 /* Release */ = {
			isa = XCBuildConfiguration;
			baseConfigurationReference = 9C7CFD153058045A64C9D867 /* Pods-firebase_function.release.xcconfig */;
			buildSettings = {
				ASSETCATALOG_COMPILER_APPICON_NAME = AppIcon;
				CODE_SIGN_STYLE = Automatic;
				INFOPLIST_FILE = firebase_function/Info.plist;
				LD_RUNPATH_SEARCH_PATHS = (
					"$(inherited)",
					"@executable_path/Frameworks",
				);
				PRODUCT_BUNDLE_IDENTIFIER = "com.lulamoon.firebase-function";
				PRODUCT_NAME = "$(TARGET_NAME)";
				SWIFT_VERSION = 5.0;
				TARGETED_DEVICE_FAMILY = "1,2";
			};
			name = Release;
		};
/* End XCBuildConfiguration section */

/* Begin XCConfigurationList section */
		12CDEED924DA347000A75AD5 /* Build configuration list for PBXProject "firebase_function" */ = {
			isa = XCConfigurationList;
			buildConfigurations = (
				12CDEEF324DA347400A75AD5 /* Debug */,
				12CDEEF424DA347400A75AD5 /* Release */,
			);
			defaultConfigurationIsVisible = 0;
			defaultConfigurationName = Release;
		};
		12CDEEF524DA347400A75AD5 /* Build configuration list for PBXNativeTarget "firebase_function" */ = {
			isa = XCConfigurationList;
			buildConfigurations = (
				12CDEEF624DA347400A75AD5 /* Debug */,
				12CDEEF724DA347400A75AD5 /* Release */,
			);
			defaultConfigurationIsVisible = 0;
			defaultConfigurationName = Release;
		};
/* End XCConfigurationList section */

/* Begin XCVersionGroup section */
		12CDEEEA24DA347000A75AD5 /* firebase_function.xcdatamodeld */ = {
			isa = XCVersionGroup;
			children = (
				12CDEEEB24DA347000A75AD5 /* firebase_function.xcdatamodel */,
			);
			currentVersion = 12CDEEEB24DA347000A75AD5 /* firebase_function.xcdatamodel */;
			path = firebase_function.xcdatamodeld;
			sourceTree = "<group>";
			versionGroupType = wrapper.xcdatamodel;
		};
/* End XCVersionGroup section */
	};
	rootObject = 12CDEED624DA347000A75AD5 /* Project object */;
}
