// !$*UTF8*$!
{
	archiveVersion = 1;
	classes = {
	};
	objectVersion = 50;
	objects = {

/* Begin PBXBuildFile section */
		129A42A824E6581D0075AECB /* AppDelegate.swift in Sources */ = {isa = PBXBuildFile; fileRef = 129A42A724E6581D0075AECB /* AppDelegate.swift */; };
		129A42AA24E6581D0075AECB /* SceneDelegate.swift in Sources */ = {isa = PBXBuildFile; fileRef = 129A42A924E6581D0075AECB /* SceneDelegate.swift */; };
		129A42AC24E6581D0075AECB /* ViewController.swift in Sources */ = {isa = PBXBuildFile; fileRef = 129A42AB24E6581D0075AECB /* ViewController.swift */; };
		129A42AF24E6581D0075AECB /* Main.storyboard in Resources */ = {isa = PBXBuildFile; fileRef = 129A42AD24E6581D0075AECB /* Main.storyboard */; };
		129A42B124E6581F0075AECB /* Assets.xcassets in Resources */ = {isa = PBXBuildFile; fileRef = 129A42B024E6581F0075AECB /* Assets.xcassets */; };
		129A42B424E6581F0075AECB /* LaunchScreen.storyboard in Resources */ = {isa = PBXBuildFile; fileRef = 129A42B224E6581F0075AECB /* LaunchScreen.storyboard */; };
		129A42BD24E658930075AECB /* WebKit.framework in Frameworks */ = {isa = PBXBuildFile; fileRef = 129A42BC24E658930075AECB /* WebKit.framework */; };
/* End PBXBuildFile section */

/* Begin PBXFileReference section */
		129A42A424E6581C0075AECB /* cross2.app */ = {isa = PBXFileReference; explicitFileType = wrapper.application; includeInIndex = 0; path = cross2.app; sourceTree = BUILT_PRODUCTS_DIR; };
		129A42A724E6581D0075AECB /* AppDelegate.swift */ = {isa = PBXFileReference; lastKnownFileType = sourcecode.swift; path = AppDelegate.swift; sourceTree = "<group>"; };
		129A42A924E6581D0075AECB /* SceneDelegate.swift */ = {isa = PBXFileReference; lastKnownFileType = sourcecode.swift; path = SceneDelegate.swift; sourceTree = "<group>"; };
		129A42AB24E6581D0075AECB /* ViewController.swift */ = {isa = PBXFileReference; lastKnownFileType = sourcecode.swift; path = ViewController.swift; sourceTree = "<group>"; };
		129A42AE24E6581D0075AECB /* Base */ = {isa = PBXFileReference; lastKnownFileType = file.storyboard; name = Base; path = Base.lproj/Main.storyboard; sourceTree = "<group>"; };
		129A42B024E6581F0075AECB /* Assets.xcassets */ = {isa = PBXFileReference; lastKnownFileType = folder.assetcatalog; path = Assets.xcassets; sourceTree = "<group>"; };
		129A42B324E6581F0075AECB /* Base */ = {isa = PBXFileReference; lastKnownFileType = file.storyboard; name = Base; path = Base.lproj/LaunchScreen.storyboard; sourceTree = "<group>"; };
		129A42B524E6581F0075AECB /* Info.plist */ = {isa = PBXFileReference; lastKnownFileType = text.plist.xml; path = Info.plist; sourceTree = "<group>"; };
		129A42BC24E658930075AECB /* WebKit.framework */ = {isa = PBXFileReference; lastKnownFileType = wrapper.framework; name = WebKit.framework; path = System/Library/Frameworks/WebKit.framework; sourceTree = SDKROOT; };
/* End PBXFileReference section */

/* Begin PBXFrameworksBuildPhase section */
		129A42A124E6581C0075AECB /* Frameworks */ = {
			isa = PBXFrameworksBuildPhase;
			buildActionMask = 2147483647;
			files = (
				129A42BD24E658930075AECB /* WebKit.framework in Frameworks */,
			);
			runOnlyForDeploymentPostprocessing = 0;
		};
/* End PBXFrameworksBuildPhase section */

/* Begin PBXGroup section */
		129A429B24E6581C0075AECB = {
			isa = PBXGroup;
			children = (
				129A42A624E6581C0075AECB /* cross2 */,
				129A42A524E6581C0075AECB /* Products */,
				129A42BB24E658930075AECB /* Frameworks */,
			);
			sourceTree = "<group>";
		};
		129A42A524E6581C0075AECB /* Products */ = {
			isa = PBXGroup;
			children = (
				129A42A424E6581C0075AECB /* cross2.app */,
			);
			name = Products;
			sourceTree = "<group>";
		};
		129A42A624E6581C0075AECB /* cross2 */ = {
			isa = PBXGroup;
			children = (
				129A42A724E6581D0075AECB /* AppDelegate.swift */,
				129A42A924E6581D0075AECB /* SceneDelegate.swift */,
				129A42AB24E6581D0075AECB /* ViewController.swift */,
				129A42AD24E6581D0075AECB /* Main.storyboard */,
				129A42B024E6581F0075AECB /* Assets.xcassets */,
				129A42B224E6581F0075AECB /* LaunchScreen.storyboard */,
				129A42B524E6581F0075AECB /* Info.plist */,
			);
			path = cross2;
			sourceTree = "<group>";
		};
		129A42BB24E658930075AECB /* Frameworks */ = {
			isa = PBXGroup;
			children = (
				129A42BC24E658930075AECB /* WebKit.framework */,
			);
			name = Frameworks;
			sourceTree = "<group>";
		};
/* End PBXGroup section */

/* Begin PBXNativeTarget section */
		129A42A324E6581C0075AECB /* cross2 */ = {
			isa = PBXNativeTarget;
			buildConfigurationList = 129A42B824E6581F0075AECB /* Build configuration list for PBXNativeTarget "cross2" */;
			buildPhases = (
				129A42A024E6581C0075AECB /* Sources */,
				129A42A124E6581C0075AECB /* Frameworks */,
				129A42A224E6581C0075AECB /* Resources */,
			);
			buildRules = (
			);
			dependencies = (
			);
			name = cross2;
			productName = cross2;
			productReference = 129A42A424E6581C0075AECB /* cross2.app */;
			productType = "com.apple.product-type.application";
		};
/* End PBXNativeTarget section */

/* Begin PBXProject section */
		129A429C24E6581C0075AECB /* Project object */ = {
			isa = PBXProject;
			attributes = {
				LastSwiftUpdateCheck = 1160;
				LastUpgradeCheck = 1160;
				ORGANIZATIONNAME = Trixie;
				TargetAttributes = {
					129A42A324E6581C0075AECB = {
						CreatedOnToolsVersion = 11.6;
					};
				};
			};
			buildConfigurationList = 129A429F24E6581C0075AECB /* Build configuration list for PBXProject "cross2" */;
			compatibilityVersion = "Xcode 9.3";
			developmentRegion = en;
			hasScannedForEncodings = 0;
			knownRegions = (
				en,
				Base,
			);
			mainGroup = 129A429B24E6581C0075AECB;
			productRefGroup = 129A42A524E6581C0075AECB /* Products */;
			projectDirPath = "";
			projectRoot = "";
			targets = (
				129A42A324E6581C0075AECB /* cross2 */,
			);
		};
/* End PBXProject section */

/* Begin PBXResourcesBuildPhase section */
		129A42A224E6581C0075AECB /* Resources */ = {
			isa = PBXResourcesBuildPhase;
			buildActionMask = 2147483647;
			files = (
				129A42B424E6581F0075AECB /* LaunchScreen.storyboard in Resources */,
				129A42B124E6581F0075AECB /* Assets.xcassets in Resources */,
				129A42AF24E6581D0075AECB /* Main.storyboard in Resources */,
			);
			runOnlyForDeploymentPostprocessing = 0;
		};
/* End PBXResourcesBuildPhase section */

/* Begin PBXSourcesBuildPhase section */
		129A42A024E6581C0075AECB /* Sources */ = {
			isa = PBXSourcesBuildPhase;
			buildActionMask = 2147483647;
			files = (
				129A42AC24E6581D0075AECB /* ViewController.swift in Sources */,
				129A42A824E6581D0075AECB /* AppDelegate.swift in Sources */,
				129A42AA24E6581D0075AECB /* SceneDelegate.swift in Sources */,
			);
			runOnlyForDeploymentPostprocessing = 0;
		};
/* End PBXSourcesBuildPhase section */

/* Begin PBXVariantGroup section */
		129A42AD24E6581D0075AECB /* Main.storyboard */ = {
			isa = PBXVariantGroup;
			children = (
				129A42AE24E6581D0075AECB /* Base */,
			);
			name = Main.storyboard;
			sourceTree = "<group>";
		};
		129A42B224E6581F0075AECB /* LaunchScreen.storyboard */ = {
			isa = PBXVariantGroup;
			children = (
				129A42B324E6581F0075AECB /* Base */,
			);
			name = LaunchScreen.storyboard;
			sourceTree = "<group>";
		};
/* End PBXVariantGroup section */

/* Begin XCBuildConfiguration section */
		129A42B624E6581F0075AECB /* Debug */ = {
			isa = XCBuildConfiguration;
			buildSettings = {
				ALWAYS_SEARCH_USER_PATHS = NO;
				CLANG_ANALYZER_NONNULL = YES;
				CLANG_ANALYZER_NUMBER_OBJECT_CONVERSION = YES_AGGRESSIVE;
				CLANG_CXX_LANGUAGE_STANDARD = "gnu++14";
				CLANG_CXX_LIBRARY = "libc++";
				CLANG_ENABLE_MODULES = YES;
				CLANG_ENABLE_OBJC_ARC = YES;
				CLANG_ENABLE_OBJC_WEAK = YES;
				CLANG_WARN_BLOCK_CAPTURE_AUTORELEASING = YES;
				CLANG_WARN_BOOL_CONVERSION = YES;
				CLANG_WARN_COMMA = YES;
				CLANG_WARN_CONSTANT_CONVERSION = YES;
				CLANG_WARN_DEPRECATED_OBJC_IMPLEMENTATIONS = YES;
				CLANG_WARN_DIRECT_OBJC_ISA_USAGE = YES_ERROR;
				CLANG_WARN_DOCUMENTATION_COMMENTS = YES;
				CLANG_WARN_EMPTY_BODY = YES;
				CLANG_WARN_ENUM_CONVERSION = YES;
				CLANG_WARN_INFINITE_RECURSION = YES;
				CLANG_WARN_INT_CONVERSION = YES;
				CLANG_WARN_NON_LITERAL_NULL_CONVERSION = YES;
				CLANG_WARN_OBJC_IMPLICIT_RETAIN_SELF = YES;
				CLANG_WARN_OBJC_LITERAL_CONVERSION = YES;
				CLANG_WARN_OBJC_ROOT_CLASS = YES_ERROR;
				CLANG_WARN_RANGE_LOOP_ANALYSIS = YES;
				CLANG_WARN_STRICT_PROTOTYPES = YES;
				CLANG_WARN_SUSPICIOUS_MOVE = YES;
				CLANG_WARN_UNGUARDED_AVAILABILITY = YES_AGGRESSIVE;
				CLANG_WARN_UNREACHABLE_CODE = YES;
				CLANG_WARN__DUPLICATE_METHOD_MATCH = YES;
				COPY_PHASE_STRIP = NO;
				DEBUG_INFORMATION_FORMAT = dwarf;
				ENABLE_STRICT_OBJC_MSGSEND = YES;
				ENABLE_TESTABILITY = YES;
				GCC_C_LANGUAGE_STANDARD = gnu11;
				GCC_DYNAMIC_NO_PIC = NO;
				GCC_NO_COMMON_BLOCKS = YES;
				GCC_OPTIMIZATION_LEVEL = 0;
				GCC_PREPROCESSOR_DEFINITIONS = (
					"DEBUG=1",
					"$(inherited)",
				);
				GCC_WARN_64_TO_32_BIT_CONVERSION = YES;
				GCC_WARN_ABOUT_RETURN_TYPE = YES_ERROR;
				GCC_WARN_UNDECLARED_SELECTOR = YES;
				GCC_WARN_UNINITIALIZED_AUTOS = YES_AGGRESSIVE;
				GCC_WARN_UNUSED_FUNCTION = YES;
				GCC_WARN_UNUSED_VARIABLE = YES;
				IPHONEOS_DEPLOYMENT_TARGET = 13.6;
				MTL_ENABLE_DEBUG_INFO = INCLUDE_SOURCE;
				MTL_FAST_MATH = YES;
				ONLY_ACTIVE_ARCH = YES;
				SDKROOT = iphoneos;
				SWIFT_ACTIVE_COMPILATION_CONDITIONS = DEBUG;
				SWIFT_OPTIMIZATION_LEVEL = "-Onone";
			};
			name = Debug;
		};
		129A42B724E6581F0075AECB /* Release */ = {
			isa = XCBuildConfiguration;
			buildSettings = {
				ALWAYS_SEARCH_USER_PATHS = NO;
				CLANG_ANALYZER_NONNULL = YES;
				CLANG_ANALYZER_NUMBER_OBJECT_CONVERSION = YES_AGGRESSIVE;
				CLANG_CXX_LANGUAGE_STANDARD = "gnu++14";
				CLANG_CXX_LIBRARY = "libc++";
				CLANG_ENABLE_MODULES = YES;
				CLANG_ENABLE_OBJC_ARC = YES;
				CLANG_ENABLE_OBJC_WEAK = YES;
				CLANG_WARN_BLOCK_CAPTURE_AUTORELEASING = YES;
				CLANG_WARN_BOOL_CONVERSION = YES;
				CLANG_WARN_COMMA = YES;
				CLANG_WARN_CONSTANT_CONVERSION = YES;
				CLANG_WARN_DEPRECATED_OBJC_IMPLEMENTATIONS = YES;
				CLANG_WARN_DIRECT_OBJC_ISA_USAGE = YES_ERROR;
				CLANG_WARN_DOCUMENTATION_COMMENTS = YES;
				CLANG_WARN_EMPTY_BODY = YES;
				CLANG_WARN_ENUM_CONVERSION = YES;
				CLANG_WARN_INFINITE_RECURSION = YES;
				CLANG_WARN_INT_CONVERSION = YES;
				CLANG_WARN_NON_LITERAL_NULL_CONVERSION = YES;
				CLANG_WARN_OBJC_IMPLICIT_RETAIN_SELF = YES;
				CLANG_WARN_OBJC_LITERAL_CONVERSION = YES;
				CLANG_WARN_OBJC_ROOT_CLASS = YES_ERROR;
				CLANG_WARN_RANGE_LOOP_ANALYSIS = YES;
				CLANG_WARN_STRICT_PROTOTYPES = YES;
				CLANG_WARN_SUSPICIOUS_MOVE = YES;
				CLANG_WARN_UNGUARDED_AVAILABILITY = YES_AGGRESSIVE;
				CLANG_WARN_UNREACHABLE_CODE = YES;
				CLANG_WARN__DUPLICATE_METHOD_MATCH = YES;
				COPY_PHASE_STRIP = NO;
				DEBUG_INFORMATION_FORMAT = "dwarf-with-dsym";
				ENABLE_NS_ASSERTIONS = NO;
				ENABLE_STRICT_OBJC_MSGSEND = YES;
				GCC_C_LANGUAGE_STANDARD = gnu11;
				GCC_NO_COMMON_BLOCKS = YES;
				GCC_WARN_64_TO_32_BIT_CONVERSION = YES;
				GCC_WARN_ABOUT_RETURN_TYPE = YES_ERROR;
				GCC_WARN_UNDECLARED_SELECTOR = YES;
				GCC_WARN_UNINITIALIZED_AUTOS = YES_AGGRESSIVE;
				GCC_WARN_UNUSED_FUNCTION = YES;
				GCC_WARN_UNUSED_VARIABLE = YES;
				IPHONEOS_DEPLOYMENT_TARGET = 13.6;
				MTL_ENABLE_DEBUG_INFO = NO;
				MTL_FAST_MATH = YES;
				SDKROOT = iphoneos;
				SWIFT_COMPILATION_MODE = wholemodule;
				SWIFT_OPTIMIZATION_LEVEL = "-O";
				VALIDATE_PRODUCT = YES;
			};
			name = Release;
		};
		129A42B924E6581F0075AECB /* Debug */ = {
			isa = XCBuildConfiguration;
			buildSettings = {
				ASSETCATALOG_COMPILER_APPICON_NAME = AppIcon;
				CODE_SIGN_STYLE = Automatic;
				INFOPLIST_FILE = cross2/Info.plist;
				LD_RUNPATH_SEARCH_PATHS = (
					"$(inherited)",
					"@executable_path/Frameworks",
				);
				PRODUCT_BUNDLE_IDENTIFIER = com.lulamoon.cross2;
				PRODUCT_NAME = "$(TARGET_NAME)";
				SWIFT_VERSION = 5.0;
				TARGETED_DEVICE_FAMILY = "1,2";
			};
			name = Debug;
		};
		129A42BA24E6581F0075AECB /* Release */ = {
			isa = XCBuildConfiguration;
			buildSettings = {
				ASSETCATALOG_COMPILER_APPICON_NAME = AppIcon;
				CODE_SIGN_STYLE = Automatic;
				INFOPLIST_FILE = cross2/Info.plist;
				LD_RUNPATH_SEARCH_PATHS = (
					"$(inherited)",
					"@executable_path/Frameworks",
				);
				PRODUCT_BUNDLE_IDENTIFIER = com.lulamoon.cross2;
				PRODUCT_NAME = "$(TARGET_NAME)";
				SWIFT_VERSION = 5.0;
				TARGETED_DEVICE_FAMILY = "1,2";
			};
			name = Release;
		};
/* End XCBuildConfiguration section */

/* Begin XCConfigurationList section */
		129A429F24E6581C0075AECB /* Build configuration list for PBXProject "cross2" */ = {
			isa = XCConfigurationList;
			buildConfigurations = (
				129A42B624E6581F0075AECB /* Debug */,
				129A42B724E6581F0075AECB /* Release */,
			);
			defaultConfigurationIsVisible = 0;
			defaultConfigurationName = Release;
		};
		129A42B824E6581F0075AECB /* Build configuration list for PBXNativeTarget "cross2" */ = {
			isa = XCConfigurationList;
			buildConfigurations = (
				129A42B924E6581F0075AECB /* Debug */,
				129A42BA24E6581F0075AECB /* Release */,
			);
			defaultConfigurationIsVisible = 0;
			defaultConfigurationName = Release;
		};
/* End XCConfigurationList section */
	};
	rootObject = 129A429C24E6581C0075AECB /* Project object */;
}
